Microsoft Visual Studio Solution File, Format Version 11.00
# Visual Studio 2008

Project("{81322E9B-1EA5-C1FD-2AEF-877F09769893}") = "Project_Zen", "Assembly-CSharp-vs.csproj", "{7714AF2E-9A23-50C9-E39A-9BDA0CF765EC}"
EndProject
Global
	GlobalSection(SolutionConfigurationPlatforms) = preSolution
		Debug|Any CPU = Debug|Any CPU
		Release|Any CPU = Release|Any CPU
	EndGlobalSection
	GlobalSection(ProjectConfigurationPlatforms) = postSolution
		{7714AF2E-9A23-50C9-E39A-9BDA0CF765EC}.Debug|Any CPU.ActiveCfg = Debug|Any CPU
		{7714AF2E-9A23-50C9-E39A-9BDA0CF765EC}.Debug|Any CPU.Build.0 = Debug|Any CPU
		{7714AF2E-9A23-50C9-E39A-9BDA0CF765EC}.Release|Any CPU.ActiveCfg = Release|Any CPU
		{7714AF2E-9A23-50C9-E39A-9BDA0CF765EC}.Release|Any CPU.Build.0 = Release|Any CPU
	EndGlobalSection
	GlobalSection(SolutionProperties) = preSolution
		HideSolutionNode = FALSE
	EndGlobalSection
																																			GlobalSection(MonoDevelopProperties) = preSolution
		StartupItem = Assembly-CSharp.csproj
		Policies = $0
		$0.TextStylePolicy = $1
		$1.inheritsSet = null
		$1.scope = text/x-csharp
		$0.CSharpFormattingPolicy = $2
		$2.inheritsSet = Mono
		$2.inheritsScope = text/x-csharp
		$2.scope = text/x-csharp
		$0.TextStylePolicy = $3
		$3.FileWidth = 120
		$3.TabWidth = 4
		$3.IndentWidth = 4
		$3.EolMarker = Unix
		$3.inheritsSet = Mono
		$3.inheritsScope = text/plain
		$3.scope = text/plain
	EndGlobalSection

EndGlobal
